{
    "name": "pesquisa-webassembly",
    "lockfileVersion": 3,
    "requires": true,
    "packages": {
        "": {
            "dependencies": {
                "fs": "^0.0.1-security",
                "process": "^0.11.10",
                "wabt": "^1.0.36"
            }
        },
        "node_modules/fs": {
            "version": "0.0.1-security",
            "resolved": "https://registry.npmjs.org/fs/-/fs-0.0.1-security.tgz",
            "integrity": "sha512-3XY9e1pP0CVEUCdj5BmfIZxRBTSDycnbqhIOGec9QYtmVH2fbLpj86CFWkrNOkt/Fvty4KZG5lTglL9j/gJ87w=="
        },
        "node_modules/process": {
            "version": "0.11.10",
            "resolved": "https://registry.npmjs.org/process/-/process-0.11.10.tgz",
            "integrity": "sha512-cdGef/drWFoydD1JsMzuFf8100nZl+GT+yacc2bEced5f9Rjk4z+WtFUTBu9PhOi9j/jfmBPu0mMEY4wIdAF8A==",
            "license": "MIT",
            "engines": {
                "node": ">= 0.6.0"
            }
        },
        "node_modules/wabt": {
            "version": "1.0.36",
            "resolved": "https://registry.npmjs.org/wabt/-/wabt-1.0.36.tgz",
            "integrity": "sha512-GAfEcFyvYRZ51xIZKeeCmIKytTz3ejCeEU9uevGNhEnqt9qXp3a8Q2O4ByZr6rKWcd8jV/Oj5cbDJFtmTYdchg==",
            "license": "Apache-2.0",
            "bin": {
                "wasm-decompile": "bin/wasm-decompile",
                "wasm-interp": "bin/wasm-interp",
                "wasm-objdump": "bin/wasm-objdump",
                "wasm-stats": "bin/wasm-stats",
                "wasm-strip": "bin/wasm-strip",
                "wasm-validate": "bin/wasm-validate",
                "wasm2c": "bin/wasm2c",
                "wasm2wat": "bin/wasm2wat",
                "wat2wasm": "bin/wat2wasm"
            }
        }
    }
}
